
Microsoft Visual Studio Solution File, Format Version 12.00
# Visual Studio Version 16
VisualStudioVersion = 16.0.30804.86
MinimumVisualStudioVersion = 10.0.40219.1
Project("{FAE04EC0-301F-11D3-BF4B-00C04F79EFBC}") = "Cleaner", "Cleaner\Cleaner.csproj", "{379CE796-2D95-4ADB-B559-032640A28552}"
EndProject
Project("{FAE04EC0-301F-11D3-BF4B-00C04F79EFBC}") = "cUpdater", "cUpdater\cUpdater.csproj", "{F8A393CE-ED6E-4673-B108-5B993825A62F}"
EndProject
Global
	GlobalSection(SolutionConfigurationPlatforms) = preSolution
		Debug|Any CPU = Debug|Any CPU
		Release|Any CPU = Release|Any CPU
	EndGlobalSection
	GlobalSection(ProjectConfigurationPlatforms) = postSolution
		{379CE796-2D95-4ADB-B559-032640A28552}.Debug|Any CPU.ActiveCfg = Debug|Any CPU
		{379CE796-2D95-4ADB-B559-032640A28552}.Debug|Any CPU.Build.0 = Debug|Any CPU
		{379CE796-2D95-4ADB-B559-032640A28552}.Release|Any CPU.ActiveCfg = Release|Any CPU
		{379CE796-2D95-4ADB-B559-032640A28552}.Release|Any CPU.Build.0 = Release|Any CPU
		{F8A393CE-ED6E-4673-B108-5B993825A62F}.Debug|Any CPU.ActiveCfg = Debug|Any CPU
		{F8A393CE-ED6E-4673-B108-5B993825A62F}.Debug|Any CPU.Build.0 = Debug|Any CPU
		{F8A393CE-ED6E-4673-B108-5B993825A62F}.Release|Any CPU.ActiveCfg = Release|Any CPU
		{F8A393CE-ED6E-4673-B108-5B993825A62F}.Release|Any CPU.Build.0 = Release|Any CPU
	EndGlobalSection
	GlobalSection(SolutionProperties) = preSolution
		HideSolutionNode = FALSE
	EndGlobalSection
	GlobalSection(ExtensibilityGlobals) = postSolution
		SolutionGuid = {FAC8848A-F3A4-487B-8BFB-77DFA0FEDC3F}
	EndGlobalSection
EndGlobal
